Microsoft Visual Studio Solution File, Format Version 12.00
# Visual Studio 15
VisualStudioVersion = 15.0.27004.2009
MinimumVisualStudioVersion = 10.0.40219.1
Project("{9A19103F-16F7-4668-BE54-9A1E7A4F7556}") = "QuantumWalks.Grid2D", "QuantumWalks.2D\QuantumWalks.Grid2D.csproj", "{88FEF55D-CD53-4B19-8E10-844806E12A74}"
EndProject
Project("{9A19103F-16F7-4668-BE54-9A1E7A4F7556}") = "QuantumWalks.Graph", "QuantumWalks.Graph\QuantumWalks.Graph.csproj", "{04C802FE-5337-4B64-997A-9E440CFBC812}"
EndProject
Project("{9A19103F-16F7-4668-BE54-9A1E7A4F7556}") = "QuantumWalks.Hypercube", "QuantumWalks.Hypercube\QuantumWalks.Hypercube.csproj", "{AE670743-5812-492A-A4C9-91FAAB87C7BC}"
EndProject
Project("{9A19103F-16F7-4668-BE54-9A1E7A4F7556}") = "QuantumWalks.NandTree", "QuantumWalks.NandTree\QuantumWalks.NandTree.csproj", "{A78C7EC9-2AEF-4C8D-841D-FC88DB79B012}"
EndProject
Project("{9A19103F-16F7-4668-BE54-9A1E7A4F7556}") = "QuantumWalks.Common", "QuantumWalks.Common\QuantumWalks.Common.csproj", "{13BE994E-450E-4F1A-A7B1-652FC68E0F07}"
EndProject
Project("{FAE04EC0-301F-11D3-BF4B-00C04F79EFBC}") = "QuantumWalks.Grid2D.WinForm", "QuantumWalks.2D.WinForm\QuantumWalks.Grid2D.WinForm.csproj", "{7BDA78BE-63DA-4931-8D6D-497A1DEBC608}"
EndProject
Project("{FAE04EC0-301F-11D3-BF4B-00C04F79EFBC}") = "QuantumWalks.Experiments", "QuantumWalks.Experiments\QuantumWalks.Experiments.csproj", "{E7E2C5D6-F78C-4342-9E2C-C2937BE41958}"
EndProject
Project("{FAE04EC0-301F-11D3-BF4B-00C04F79EFBC}") = "QuantumWalks.Experiments.Core", "QuantumWalks.Experiments.Core\QuantumWalks.Experiments.Core.csproj", "{B03DF3CD-BCE1-43E9-8523-AAADB7ABE7C3}"
EndProject
Global
	GlobalSection(SolutionConfigurationPlatforms) = preSolution
		Debug|Any CPU = Debug|Any CPU
		Debug|Mixed Platforms = Debug|Mixed Platforms
		Debug|x86 = Debug|x86
		Release|Any CPU = Release|Any CPU
		Release|Mixed Platforms = Release|Mixed Platforms
		Release|x86 = Release|x86
	EndGlobalSection
	GlobalSection(ProjectConfigurationPlatforms) = postSolution
		{88FEF55D-CD53-4B19-8E10-844806E12A74}.Debug|Any CPU.ActiveCfg = Debug|Any CPU
		{88FEF55D-CD53-4B19-8E10-844806E12A74}.Debug|Any CPU.Build.0 = Debug|Any CPU
		{88FEF55D-CD53-4B19-8E10-844806E12A74}.Debug|Mixed Platforms.ActiveCfg = Debug|Any CPU
		{88FEF55D-CD53-4B19-8E10-844806E12A74}.Debug|Mixed Platforms.Build.0 = Debug|Any CPU
		{88FEF55D-CD53-4B19-8E10-844806E12A74}.Debug|x86.ActiveCfg = Debug|Any CPU
		{88FEF55D-CD53-4B19-8E10-844806E12A74}.Release|Any CPU.ActiveCfg = Release|Any CPU
		{88FEF55D-CD53-4B19-8E10-844806E12A74}.Release|Any CPU.Build.0 = Release|Any CPU
		{88FEF55D-CD53-4B19-8E10-844806E12A74}.Release|Mixed Platforms.ActiveCfg = Release|Any CPU
		{88FEF55D-CD53-4B19-8E10-844806E12A74}.Release|Mixed Platforms.Build.0 = Release|Any CPU
		{88FEF55D-CD53-4B19-8E10-844806E12A74}.Release|x86.ActiveCfg = Release|Any CPU
		{04C802FE-5337-4B64-997A-9E440CFBC812}.Debug|Any CPU.ActiveCfg = Debug|Any CPU
		{04C802FE-5337-4B64-997A-9E440CFBC812}.Debug|Any CPU.Build.0 = Debug|Any CPU
		{04C802FE-5337-4B64-997A-9E440CFBC812}.Debug|Mixed Platforms.ActiveCfg = Debug|Any CPU
		{04C802FE-5337-4B64-997A-9E440CFBC812}.Debug|Mixed Platforms.Build.0 = Debug|Any CPU
		{04C802FE-5337-4B64-997A-9E440CFBC812}.Debug|x86.ActiveCfg = Debug|Any CPU
		{04C802FE-5337-4B64-997A-9E440CFBC812}.Debug|x86.Build.0 = Debug|Any CPU
		{04C802FE-5337-4B64-997A-9E440CFBC812}.Release|Any CPU.ActiveCfg = Release|Any CPU
		{04C802FE-5337-4B64-997A-9E440CFBC812}.Release|Any CPU.Build.0 = Release|Any CPU
		{04C802FE-5337-4B64-997A-9E440CFBC812}.Release|Mixed Platforms.ActiveCfg = Release|Any CPU
		{04C802FE-5337-4B64-997A-9E440CFBC812}.Release|Mixed Platforms.Build.0 = Release|Any CPU
		{04C802FE-5337-4B64-997A-9E440CFBC812}.Release|x86.ActiveCfg = Release|Any CPU
		{04C802FE-5337-4B64-997A-9E440CFBC812}.Release|x86.Build.0 = Release|Any CPU
		{AE670743-5812-492A-A4C9-91FAAB87C7BC}.Debug|Any CPU.ActiveCfg = Debug|Any CPU
		{AE670743-5812-492A-A4C9-91FAAB87C7BC}.Debug|Any CPU.Build.0 = Debug|Any CPU
		{AE670743-5812-492A-A4C9-91FAAB87C7BC}.Debug|Mixed Platforms.ActiveCfg = Debug|Any CPU
		{AE670743-5812-492A-A4C9-91FAAB87C7BC}.Debug|Mixed Platforms.Build.0 = Debug|Any CPU
		{AE670743-5812-492A-A4C9-91FAAB87C7BC}.Debug|x86.ActiveCfg = Debug|Any CPU
		{AE670743-5812-492A-A4C9-91FAAB87C7BC}.Debug|x86.Build.0 = Debug|Any CPU
		{AE670743-5812-492A-A4C9-91FAAB87C7BC}.Release|Any CPU.ActiveCfg = Release|Any CPU
		{AE670743-5812-492A-A4C9-91FAAB87C7BC}.Release|Any CPU.Build.0 = Release|Any CPU
		{AE670743-5812-492A-A4C9-91FAAB87C7BC}.Release|Mixed Platforms.ActiveCfg = Release|Any CPU
		{AE670743-5812-492A-A4C9-91FAAB87C7BC}.Release|Mixed Platforms.Build.0 = Release|Any CPU
		{AE670743-5812-492A-A4C9-91FAAB87C7BC}.Release|x86.ActiveCfg = Release|Any CPU
		{AE670743-5812-492A-A4C9-91FAAB87C7BC}.Release|x86.Build.0 = Release|Any CPU
		{A78C7EC9-2AEF-4C8D-841D-FC88DB79B012}.Debug|Any CPU.ActiveCfg = Debug|Any CPU
		{A78C7EC9-2AEF-4C8D-841D-FC88DB79B012}.Debug|Any CPU.Build.0 = Debug|Any CPU
		{A78C7EC9-2AEF-4C8D-841D-FC88DB79B012}.Debug|Mixed Platforms.ActiveCfg = Debug|Any CPU
		{A78C7EC9-2AEF-4C8D-841D-FC88DB79B012}.Debug|Mixed Platforms.Build.0 = Debug|Any CPU
		{A78C7EC9-2AEF-4C8D-841D-FC88DB79B012}.Debug|x86.ActiveCfg = Debug|Any CPU
		{A78C7EC9-2AEF-4C8D-841D-FC88DB79B012}.Debug|x86.Build.0 = Debug|Any CPU
		{A78C7EC9-2AEF-4C8D-841D-FC88DB79B012}.Release|Any CPU.ActiveCfg = Release|Any CPU
		{A78C7EC9-2AEF-4C8D-841D-FC88DB79B012}.Release|Any CPU.Build.0 = Release|Any CPU
		{A78C7EC9-2AEF-4C8D-841D-FC88DB79B012}.Release|Mixed Platforms.ActiveCfg = Release|Any CPU
		{A78C7EC9-2AEF-4C8D-841D-FC88DB79B012}.Release|Mixed Platforms.Build.0 = Release|Any CPU
		{A78C7EC9-2AEF-4C8D-841D-FC88DB79B012}.Release|x86.ActiveCfg = Release|Any CPU
		{A78C7EC9-2AEF-4C8D-841D-FC88DB79B012}.Release|x86.Build.0 = Release|Any CPU
		{13BE994E-450E-4F1A-A7B1-652FC68E0F07}.Debug|Any CPU.ActiveCfg = Debug|Any CPU
		{13BE994E-450E-4F1A-A7B1-652FC68E0F07}.Debug|Any CPU.Build.0 = Debug|Any CPU
		{13BE994E-450E-4F1A-A7B1-652FC68E0F07}.Debug|Mixed Platforms.ActiveCfg = Debug|Any CPU
		{13BE994E-450E-4F1A-A7B1-652FC68E0F07}.Debug|Mixed Platforms.Build.0 = Debug|Any CPU
		{13BE994E-450E-4F1A-A7B1-652FC68E0F07}.Debug|x86.ActiveCfg = Debug|Any CPU
		{13BE994E-450E-4F1A-A7B1-652FC68E0F07}.Debug|x86.Build.0 = Debug|Any CPU
		{13BE994E-450E-4F1A-A7B1-652FC68E0F07}.Release|Any CPU.ActiveCfg = Release|Any CPU
		{13BE994E-450E-4F1A-A7B1-652FC68E0F07}.Release|Any CPU.Build.0 = Release|Any CPU
		{13BE994E-450E-4F1A-A7B1-652FC68E0F07}.Release|Mixed Platforms.ActiveCfg = Release|Any CPU
		{13BE994E-450E-4F1A-A7B1-652FC68E0F07}.Release|Mixed Platforms.Build.0 = Release|Any CPU
		{13BE994E-450E-4F1A-A7B1-652FC68E0F07}.Release|x86.ActiveCfg = Release|Any CPU
		{13BE994E-450E-4F1A-A7B1-652FC68E0F07}.Release|x86.Build.0 = Release|Any CPU
		{7BDA78BE-63DA-4931-8D6D-497A1DEBC608}.Debug|Any CPU.ActiveCfg = Debug|Any CPU
		{7BDA78BE-63DA-4931-8D6D-497A1DEBC608}.Debug|Mixed Platforms.ActiveCfg = Debug|Any CPU
		{7BDA78BE-63DA-4931-8D6D-497A1DEBC608}.Debug|Mixed Platforms.Build.0 = Debug|Any CPU
		{7BDA78BE-63DA-4931-8D6D-497A1DEBC608}.Debug|x86.ActiveCfg = Debug|Any CPU
		{7BDA78BE-63DA-4931-8D6D-497A1DEBC608}.Debug|x86.Build.0 = Debug|Any CPU
		{7BDA78BE-63DA-4931-8D6D-497A1DEBC608}.Release|Any CPU.ActiveCfg = Release|Any CPU
		{7BDA78BE-63DA-4931-8D6D-497A1DEBC608}.Release|Any CPU.Build.0 = Release|Any CPU
		{7BDA78BE-63DA-4931-8D6D-497A1DEBC608}.Release|Mixed Platforms.ActiveCfg = Release|Any CPU
		{7BDA78BE-63DA-4931-8D6D-497A1DEBC608}.Release|Mixed Platforms.Build.0 = Release|Any CPU
		{7BDA78BE-63DA-4931-8D6D-497A1DEBC608}.Release|x86.ActiveCfg = Release|Any CPU
		{7BDA78BE-63DA-4931-8D6D-497A1DEBC608}.Release|x86.Build.0 = Release|Any CPU
		{E7E2C5D6-F78C-4342-9E2C-C2937BE41958}.Debug|Any CPU.ActiveCfg = Debug|Any CPU
		{E7E2C5D6-F78C-4342-9E2C-C2937BE41958}.Debug|Any CPU.Build.0 = Debug|Any CPU
		{E7E2C5D6-F78C-4342-9E2C-C2937BE41958}.Debug|Mixed Platforms.ActiveCfg = Debug|Any CPU
		{E7E2C5D6-F78C-4342-9E2C-C2937BE41958}.Debug|Mixed Platforms.Build.0 = Debug|Any CPU
		{E7E2C5D6-F78C-4342-9E2C-C2937BE41958}.Debug|x86.ActiveCfg = Debug|Any CPU
		{E7E2C5D6-F78C-4342-9E2C-C2937BE41958}.Debug|x86.Build.0 = Debug|Any CPU
		{E7E2C5D6-F78C-4342-9E2C-C2937BE41958}.Release|Any CPU.ActiveCfg = Release|Any CPU
		{E7E2C5D6-F78C-4342-9E2C-C2937BE41958}.Release|Any CPU.Build.0 = Release|Any CPU
		{E7E2C5D6-F78C-4342-9E2C-C2937BE41958}.Release|Mixed Platforms.ActiveCfg = Release|Any CPU
		{E7E2C5D6-F78C-4342-9E2C-C2937BE41958}.Release|Mixed Platforms.Build.0 = Release|Any CPU
		{E7E2C5D6-F78C-4342-9E2C-C2937BE41958}.Release|x86.ActiveCfg = Release|Any CPU
		{E7E2C5D6-F78C-4342-9E2C-C2937BE41958}.Release|x86.Build.0 = Release|Any CPU
		{B03DF3CD-BCE1-43E9-8523-AAADB7ABE7C3}.Debug|Any CPU.ActiveCfg = Debug|Any CPU
		{B03DF3CD-BCE1-43E9-8523-AAADB7ABE7C3}.Debug|Any CPU.Build.0 = Debug|Any CPU
		{B03DF3CD-BCE1-43E9-8523-AAADB7ABE7C3}.Debug|Mixed Platforms.ActiveCfg = Debug|Any CPU
		{B03DF3CD-BCE1-43E9-8523-AAADB7ABE7C3}.Debug|Mixed Platforms.Build.0 = Debug|Any CPU
		{B03DF3CD-BCE1-43E9-8523-AAADB7ABE7C3}.Debug|x86.ActiveCfg = Debug|Any CPU
		{B03DF3CD-BCE1-43E9-8523-AAADB7ABE7C3}.Debug|x86.Build.0 = Debug|Any CPU
		{B03DF3CD-BCE1-43E9-8523-AAADB7ABE7C3}.Release|Any CPU.ActiveCfg = Release|Any CPU
		{B03DF3CD-BCE1-43E9-8523-AAADB7ABE7C3}.Release|Any CPU.Build.0 = Release|Any CPU
		{B03DF3CD-BCE1-43E9-8523-AAADB7ABE7C3}.Release|Mixed Platforms.ActiveCfg = Release|Any CPU
		{B03DF3CD-BCE1-43E9-8523-AAADB7ABE7C3}.Release|Mixed Platforms.Build.0 = Release|Any CPU
		{B03DF3CD-BCE1-43E9-8523-AAADB7ABE7C3}.Release|x86.ActiveCfg = Release|Any CPU
		{B03DF3CD-BCE1-43E9-8523-AAADB7ABE7C3}.Release|x86.Build.0 = Release|Any CPU
	EndGlobalSection
	GlobalSection(SolutionProperties) = preSolution
		HideSolutionNode = FALSE
	EndGlobalSection
	GlobalSection(ExtensibilityGlobals) = postSolution
		SolutionGuid = {4F9354F5-B684-49E0-B36C-1A32BFCE363E}
	EndGlobalSection
EndGlobal
